
Microsoft Visual Studio Solution File, Format Version 12.00
# Visual Studio Version 16
VisualStudioVersion = 16.0.29411.108
MinimumVisualStudioVersion = 10.0.40219.1
Project("{9A19103F-16F7-4668-BE54-9A1E7A4F7556}") = "MyMessenger.Domain.Shared", "MyMessenger.Domain.Shared\MyMessenger.Domain.Shared.csproj", "{8159104C-D1D3-415C-89C6-8F99502B8C0B}"
EndProject
Project("{9A19103F-16F7-4668-BE54-9A1E7A4F7556}") = "MyMessenger.Domain", "MyMessenger.Domain\MyMessenger.Domain.csproj", "{31059705-2A0D-4C64-8F87-E81F992E771C}"
EndProject
Project("{9A19103F-16F7-4668-BE54-9A1E7A4F7556}") = "MyMessenger.Core", "MyMessenger.Core\MyMessenger.Core.csproj", "{013280E5-AEF1-4C2E-8737-75EAC3868DED}"
EndProject
Project("{9A19103F-16F7-4668-BE54-9A1E7A4F7556}") = "MyMessenger.EntityFramework", "MyMessenger.EntityFramework\MyMessenger.EntityFramework.csproj", "{67340925-5245-46C3-9E59-39DD58800830}"
EndProject
Project("{9A19103F-16F7-4668-BE54-9A1E7A4F7556}") = "MyMessenger.Security", "MyMessenger.Security\MyMessenger.Security.csproj", "{632C114B-A68F-4928-B110-D1C27E97C1EC}"
EndProject
Project("{9A19103F-16F7-4668-BE54-9A1E7A4F7556}") = "MyMessenger.Application", "MyMessenger.Application\MyMessenger.Application.csproj", "{121DBB1C-6950-47AE-B173-6548A86FB796}"
EndProject
Project("{9A19103F-16F7-4668-BE54-9A1E7A4F7556}") = "MyMessenger.WebApi", "MyMessenger.WebApi\MyMessenger.WebApi.csproj", "{EA7302D3-97C8-497B-B039-93FFEAB63780}"
EndProject
Project("{9A19103F-16F7-4668-BE54-9A1E7A4F7556}") = "MyMessenger.Application.Contracts", "MyMessenger.Application.Contracts\MyMessenger.Application.Contracts.csproj", "{EBAD9726-C0DA-4911-BAAA-D851003C0922}"
EndProject
Global
	GlobalSection(SolutionConfigurationPlatforms) = preSolution
		Debug|Any CPU = Debug|Any CPU
		Release|Any CPU = Release|Any CPU
	EndGlobalSection
	GlobalSection(ProjectConfigurationPlatforms) = postSolution
		{8159104C-D1D3-415C-89C6-8F99502B8C0B}.Debug|Any CPU.ActiveCfg = Debug|Any CPU
		{8159104C-D1D3-415C-89C6-8F99502B8C0B}.Debug|Any CPU.Build.0 = Debug|Any CPU
		{8159104C-D1D3-415C-89C6-8F99502B8C0B}.Release|Any CPU.ActiveCfg = Release|Any CPU
		{8159104C-D1D3-415C-89C6-8F99502B8C0B}.Release|Any CPU.Build.0 = Release|Any CPU
		{31059705-2A0D-4C64-8F87-E81F992E771C}.Debug|Any CPU.ActiveCfg = Debug|Any CPU
		{31059705-2A0D-4C64-8F87-E81F992E771C}.Debug|Any CPU.Build.0 = Debug|Any CPU
		{31059705-2A0D-4C64-8F87-E81F992E771C}.Release|Any CPU.ActiveCfg = Release|Any CPU
		{31059705-2A0D-4C64-8F87-E81F992E771C}.Release|Any CPU.Build.0 = Release|Any CPU
		{013280E5-AEF1-4C2E-8737-75EAC3868DED}.Debug|Any CPU.ActiveCfg = Debug|Any CPU
		{013280E5-AEF1-4C2E-8737-75EAC3868DED}.Debug|Any CPU.Build.0 = Debug|Any CPU
		{013280E5-AEF1-4C2E-8737-75EAC3868DED}.Release|Any CPU.ActiveCfg = Release|Any CPU
		{013280E5-AEF1-4C2E-8737-75EAC3868DED}.Release|Any CPU.Build.0 = Release|Any CPU
		{67340925-5245-46C3-9E59-39DD58800830}.Debug|Any CPU.ActiveCfg = Debug|Any CPU
		{67340925-5245-46C3-9E59-39DD58800830}.Debug|Any CPU.Build.0 = Debug|Any CPU
		{67340925-5245-46C3-9E59-39DD58800830}.Release|Any CPU.ActiveCfg = Release|Any CPU
		{67340925-5245-46C3-9E59-39DD58800830}.Release|Any CPU.Build.0 = Release|Any CPU
		{632C114B-A68F-4928-B110-D1C27E97C1EC}.Debug|Any CPU.ActiveCfg = Debug|Any CPU
		{632C114B-A68F-4928-B110-D1C27E97C1EC}.Debug|Any CPU.Build.0 = Debug|Any CPU
		{632C114B-A68F-4928-B110-D1C27E97C1EC}.Release|Any CPU.ActiveCfg = Release|Any CPU
		{632C114B-A68F-4928-B110-D1C27E97C1EC}.Release|Any CPU.Build.0 = Release|Any CPU
		{121DBB1C-6950-47AE-B173-6548A86FB796}.Debug|Any CPU.ActiveCfg = Debug|Any CPU
		{121DBB1C-6950-47AE-B173-6548A86FB796}.Debug|Any CPU.Build.0 = Debug|Any CPU
		{121DBB1C-6950-47AE-B173-6548A86FB796}.Release|Any CPU.ActiveCfg = Release|Any CPU
		{121DBB1C-6950-47AE-B173-6548A86FB796}.Release|Any CPU.Build.0 = Release|Any CPU
		{EA7302D3-97C8-497B-B039-93FFEAB63780}.Debug|Any CPU.ActiveCfg = Debug|Any CPU
		{EA7302D3-97C8-497B-B039-93FFEAB63780}.Debug|Any CPU.Build.0 = Debug|Any CPU
		{EA7302D3-97C8-497B-B039-93FFEAB63780}.Release|Any CPU.ActiveCfg = Release|Any CPU
		{EA7302D3-97C8-497B-B039-93FFEAB63780}.Release|Any CPU.Build.0 = Release|Any CPU
		{EBAD9726-C0DA-4911-BAAA-D851003C0922}.Debug|Any CPU.ActiveCfg = Debug|Any CPU
		{EBAD9726-C0DA-4911-BAAA-D851003C0922}.Debug|Any CPU.Build.0 = Debug|Any CPU
		{EBAD9726-C0DA-4911-BAAA-D851003C0922}.Release|Any CPU.ActiveCfg = Release|Any CPU
		{EBAD9726-C0DA-4911-BAAA-D851003C0922}.Release|Any CPU.Build.0 = Release|Any CPU
	EndGlobalSection
	GlobalSection(SolutionProperties) = preSolution
		HideSolutionNode = FALSE
	EndGlobalSection
	GlobalSection(ExtensibilityGlobals) = postSolution
		SolutionGuid = {E17D65D0-960D-47F6-BC63-C8ADDE8A191B}
	EndGlobalSection
EndGlobal
